
Microsoft Visual Studio Solution File, Format Version 12.00
# Visual Studio 14
VisualStudioVersion = 14.0.23107.0
MinimumVisualStudioVersion = 10.0.40219.1
Project("{FAE04EC0-301F-11D3-BF4B-00C04F79EFBC}") = "Task1", "ConsoleApplication1\Task1.csproj", "{64E63262-D767-4C50-9D46-0F8DB28D3EC3}"
EndProject
Project("{FAE04EC0-301F-11D3-BF4B-00C04F79EFBC}") = "Task2", "Task2\Task2.csproj", "{589D68E9-0FB5-4FEA-9345-4CC55174C19B}"
EndProject
Project("{FAE04EC0-301F-11D3-BF4B-00C04F79EFBC}") = "Task3", "Task3\Task3.csproj", "{7B212A64-33A6-42CD-809C-204F922B2823}"
EndProject
Project("{FAE04EC0-301F-11D3-BF4B-00C04F79EFBC}") = "Task4", "Task4\Task4.csproj", "{C9971541-7FD5-4C06-BC39-D33439D8B3DA}"
EndProject
Project("{FAE04EC0-301F-11D3-BF4B-00C04F79EFBC}") = "Task5", "Task5\Task5.csproj", "{846A33E3-21A0-4C43-AD63-49D60DCC6323}"
EndProject
Project("{FAE04EC0-301F-11D3-BF4B-00C04F79EFBC}") = "Task6", "Task6\Task6.csproj", "{597C4DE6-F595-4379-95EE-A969C7DA967C}"
EndProject
Global
	GlobalSection(SolutionConfigurationPlatforms) = preSolution
		Debug|Any CPU = Debug|Any CPU
		Release|Any CPU = Release|Any CPU
	EndGlobalSection
	GlobalSection(ProjectConfigurationPlatforms) = postSolution
		{64E63262-D767-4C50-9D46-0F8DB28D3EC3}.Debug|Any CPU.ActiveCfg = Debug|Any CPU
		{64E63262-D767-4C50-9D46-0F8DB28D3EC3}.Debug|Any CPU.Build.0 = Debug|Any CPU
		{64E63262-D767-4C50-9D46-0F8DB28D3EC3}.Release|Any CPU.ActiveCfg = Release|Any CPU
		{64E63262-D767-4C50-9D46-0F8DB28D3EC3}.Release|Any CPU.Build.0 = Release|Any CPU
		{589D68E9-0FB5-4FEA-9345-4CC55174C19B}.Debug|Any CPU.ActiveCfg = Debug|Any CPU
		{589D68E9-0FB5-4FEA-9345-4CC55174C19B}.Debug|Any CPU.Build.0 = Debug|Any CPU
		{589D68E9-0FB5-4FEA-9345-4CC55174C19B}.Release|Any CPU.ActiveCfg = Release|Any CPU
		{589D68E9-0FB5-4FEA-9345-4CC55174C19B}.Release|Any CPU.Build.0 = Release|Any CPU
		{7B212A64-33A6-42CD-809C-204F922B2823}.Debug|Any CPU.ActiveCfg = Debug|Any CPU
		{7B212A64-33A6-42CD-809C-204F922B2823}.Debug|Any CPU.Build.0 = Debug|Any CPU
		{7B212A64-33A6-42CD-809C-204F922B2823}.Release|Any CPU.ActiveCfg = Release|Any CPU
		{7B212A64-33A6-42CD-809C-204F922B2823}.Release|Any CPU.Build.0 = Release|Any CPU
		{C9971541-7FD5-4C06-BC39-D33439D8B3DA}.Debug|Any CPU.ActiveCfg = Debug|Any CPU
		{C9971541-7FD5-4C06-BC39-D33439D8B3DA}.Debug|Any CPU.Build.0 = Debug|Any CPU
		{C9971541-7FD5-4C06-BC39-D33439D8B3DA}.Release|Any CPU.ActiveCfg = Release|Any CPU
		{C9971541-7FD5-4C06-BC39-D33439D8B3DA}.Release|Any CPU.Build.0 = Release|Any CPU
		{846A33E3-21A0-4C43-AD63-49D60DCC6323}.Debug|Any CPU.ActiveCfg = Debug|Any CPU
		{846A33E3-21A0-4C43-AD63-49D60DCC6323}.Debug|Any CPU.Build.0 = Debug|Any CPU
		{846A33E3-21A0-4C43-AD63-49D60DCC6323}.Release|Any CPU.ActiveCfg = Release|Any CPU
		{846A33E3-21A0-4C43-AD63-49D60DCC6323}.Release|Any CPU.Build.0 = Release|Any CPU
		{597C4DE6-F595-4379-95EE-A969C7DA967C}.Debug|Any CPU.ActiveCfg = Debug|Any CPU
		{597C4DE6-F595-4379-95EE-A969C7DA967C}.Debug|Any CPU.Build.0 = Debug|Any CPU
		{597C4DE6-F595-4379-95EE-A969C7DA967C}.Release|Any CPU.ActiveCfg = Release|Any CPU
		{597C4DE6-F595-4379-95EE-A969C7DA967C}.Release|Any CPU.Build.0 = Release|Any CPU
	EndGlobalSection
	GlobalSection(SolutionProperties) = preSolution
		HideSolutionNode = FALSE
	EndGlobalSection
EndGlobal
