
Microsoft Visual Studio Solution File, Format Version 12.00
# Visual Studio 14
VisualStudioVersion = 14.0.23107.0
MinimumVisualStudioVersion = 10.0.40219.1
Project("{FAE04EC0-301F-11D3-BF4B-00C04F79EFBC}") = "Task01", "Task01\Task01.csproj", "{FC2CE62E-1EC7-4317-B3B1-714A0800015B}"
EndProject
Project("{FAE04EC0-301F-11D3-BF4B-00C04F79EFBC}") = "Task02", "Task02\Task02.csproj", "{85813CAE-5A66-4A1F-9F79-B7C43949F5A8}"
EndProject
Global
	GlobalSection(SolutionConfigurationPlatforms) = preSolution
		Debug|Any CPU = Debug|Any CPU
		Release|Any CPU = Release|Any CPU
	EndGlobalSection
	GlobalSection(ProjectConfigurationPlatforms) = postSolution
		{FC2CE62E-1EC7-4317-B3B1-714A0800015B}.Debug|Any CPU.ActiveCfg = Debug|Any CPU
		{FC2CE62E-1EC7-4317-B3B1-714A0800015B}.Debug|Any CPU.Build.0 = Debug|Any CPU
		{FC2CE62E-1EC7-4317-B3B1-714A0800015B}.Release|Any CPU.ActiveCfg = Release|Any CPU
		{FC2CE62E-1EC7-4317-B3B1-714A0800015B}.Release|Any CPU.Build.0 = Release|Any CPU
		{85813CAE-5A66-4A1F-9F79-B7C43949F5A8}.Debug|Any CPU.ActiveCfg = Debug|Any CPU
		{85813CAE-5A66-4A1F-9F79-B7C43949F5A8}.Debug|Any CPU.Build.0 = Debug|Any CPU
		{85813CAE-5A66-4A1F-9F79-B7C43949F5A8}.Release|Any CPU.ActiveCfg = Release|Any CPU
		{85813CAE-5A66-4A1F-9F79-B7C43949F5A8}.Release|Any CPU.Build.0 = Release|Any CPU
	EndGlobalSection
	GlobalSection(SolutionProperties) = preSolution
		HideSolutionNode = FALSE
	EndGlobalSection
EndGlobal
