
Microsoft Visual Studio Solution File, Format Version 12.00
# Visual Studio 14
VisualStudioVersion = 14.0.23107.0
MinimumVisualStudioVersion = 10.0.40219.1
Project("{FAE04EC0-301F-11D3-BF4B-00C04F79EFBC}") = "FinalTaskDAL", "FinalTaskDAL\FinalTaskDAL.csproj", "{7D3E7A3F-FE46-4925-AABE-AA705296FBB2}"
EndProject
Project("{FAE04EC0-301F-11D3-BF4B-00C04F79EFBC}") = "Entities", "Entities\Entities.csproj", "{B63B5738-B909-4D3F-8FCD-853032F29B45}"
EndProject
Global
	GlobalSection(SolutionConfigurationPlatforms) = preSolution
		Debug|Any CPU = Debug|Any CPU
		Release|Any CPU = Release|Any CPU
	EndGlobalSection
	GlobalSection(ProjectConfigurationPlatforms) = postSolution
		{7D3E7A3F-FE46-4925-AABE-AA705296FBB2}.Debug|Any CPU.ActiveCfg = Debug|Any CPU
		{7D3E7A3F-FE46-4925-AABE-AA705296FBB2}.Debug|Any CPU.Build.0 = Debug|Any CPU
		{7D3E7A3F-FE46-4925-AABE-AA705296FBB2}.Release|Any CPU.ActiveCfg = Release|Any CPU
		{7D3E7A3F-FE46-4925-AABE-AA705296FBB2}.Release|Any CPU.Build.0 = Release|Any CPU
		{B63B5738-B909-4D3F-8FCD-853032F29B45}.Debug|Any CPU.ActiveCfg = Debug|Any CPU
		{B63B5738-B909-4D3F-8FCD-853032F29B45}.Debug|Any CPU.Build.0 = Debug|Any CPU
		{B63B5738-B909-4D3F-8FCD-853032F29B45}.Release|Any CPU.ActiveCfg = Release|Any CPU
		{B63B5738-B909-4D3F-8FCD-853032F29B45}.Release|Any CPU.Build.0 = Release|Any CPU
	EndGlobalSection
	GlobalSection(SolutionProperties) = preSolution
		HideSolutionNode = FALSE
	EndGlobalSection
EndGlobal
