
Microsoft Visual Studio Solution File, Format Version 12.00
# Visual Studio 14
VisualStudioVersion = 14.0.23107.0
MinimumVisualStudioVersion = 10.0.40219.1
Project("{FAE04EC0-301F-11D3-BF4B-00C04F79EFBC}") = "Task13", "Task13\Task13.csproj", "{A6E7897B-3E28-4D67-A027-81449523CACD}"
EndProject
Project("{FAE04EC0-301F-11D3-BF4B-00C04F79EFBC}") = "DALFiles", "..\Task11\DAL\DALFiles.csproj", "{C931EC1B-5C78-4252-84DB-866794E24851}"
EndProject
Project("{FAE04EC0-301F-11D3-BF4B-00C04F79EFBC}") = "Entities", "..\Task11\Entities\Entities.csproj", "{3E544244-E050-44BE-82EB-E1E63E0834E2}"
EndProject
Project("{FAE04EC0-301F-11D3-BF4B-00C04F79EFBC}") = "BLL", "BLL\BLL.csproj", "{A6543060-C35D-4E06-B1FA-6686D5687E03}"
EndProject
Global
	GlobalSection(SolutionConfigurationPlatforms) = preSolution
		Debug|Any CPU = Debug|Any CPU
		Release|Any CPU = Release|Any CPU
	EndGlobalSection
	GlobalSection(ProjectConfigurationPlatforms) = postSolution
		{A6E7897B-3E28-4D67-A027-81449523CACD}.Debug|Any CPU.ActiveCfg = Debug|Any CPU
		{A6E7897B-3E28-4D67-A027-81449523CACD}.Debug|Any CPU.Build.0 = Debug|Any CPU
		{A6E7897B-3E28-4D67-A027-81449523CACD}.Release|Any CPU.ActiveCfg = Release|Any CPU
		{A6E7897B-3E28-4D67-A027-81449523CACD}.Release|Any CPU.Build.0 = Release|Any CPU
		{C931EC1B-5C78-4252-84DB-866794E24851}.Debug|Any CPU.ActiveCfg = Debug|Any CPU
		{C931EC1B-5C78-4252-84DB-866794E24851}.Debug|Any CPU.Build.0 = Debug|Any CPU
		{C931EC1B-5C78-4252-84DB-866794E24851}.Release|Any CPU.ActiveCfg = Release|Any CPU
		{C931EC1B-5C78-4252-84DB-866794E24851}.Release|Any CPU.Build.0 = Release|Any CPU
		{3E544244-E050-44BE-82EB-E1E63E0834E2}.Debug|Any CPU.ActiveCfg = Debug|Any CPU
		{3E544244-E050-44BE-82EB-E1E63E0834E2}.Debug|Any CPU.Build.0 = Debug|Any CPU
		{3E544244-E050-44BE-82EB-E1E63E0834E2}.Release|Any CPU.ActiveCfg = Release|Any CPU
		{3E544244-E050-44BE-82EB-E1E63E0834E2}.Release|Any CPU.Build.0 = Release|Any CPU
		{A6543060-C35D-4E06-B1FA-6686D5687E03}.Debug|Any CPU.ActiveCfg = Debug|Any CPU
		{A6543060-C35D-4E06-B1FA-6686D5687E03}.Debug|Any CPU.Build.0 = Debug|Any CPU
		{A6543060-C35D-4E06-B1FA-6686D5687E03}.Release|Any CPU.ActiveCfg = Release|Any CPU
		{A6543060-C35D-4E06-B1FA-6686D5687E03}.Release|Any CPU.Build.0 = Release|Any CPU
	EndGlobalSection
	GlobalSection(SolutionProperties) = preSolution
		HideSolutionNode = FALSE
	EndGlobalSection
EndGlobal
