
Microsoft Visual Studio Solution File, Format Version 12.00
# Visual Studio 14
VisualStudioVersion = 14.0.23107.0
MinimumVisualStudioVersion = 10.0.40219.1
Project("{FAE04EC0-301F-11D3-BF4B-00C04F79EFBC}") = "Task1", "Task1\Task1.csproj", "{C3DA6E27-7B73-4781-BE23-E1CE4CA6C5B9}"
EndProject
Project("{FAE04EC0-301F-11D3-BF4B-00C04F79EFBC}") = "Task3", "Task3\Task3.csproj", "{C4866562-89AA-42D7-9C34-E8FFA344E5CE}"
EndProject
Project("{FAE04EC0-301F-11D3-BF4B-00C04F79EFBC}") = "Task2", "Task2\Task2.csproj", "{D7EB0863-5AC2-4292-895D-5BE00FB99CCB}"
EndProject
Global
	GlobalSection(SolutionConfigurationPlatforms) = preSolution
		Debug|Any CPU = Debug|Any CPU
		Release|Any CPU = Release|Any CPU
	EndGlobalSection
	GlobalSection(ProjectConfigurationPlatforms) = postSolution
		{C3DA6E27-7B73-4781-BE23-E1CE4CA6C5B9}.Debug|Any CPU.ActiveCfg = Debug|Any CPU
		{C3DA6E27-7B73-4781-BE23-E1CE4CA6C5B9}.Debug|Any CPU.Build.0 = Debug|Any CPU
		{C3DA6E27-7B73-4781-BE23-E1CE4CA6C5B9}.Release|Any CPU.ActiveCfg = Release|Any CPU
		{C3DA6E27-7B73-4781-BE23-E1CE4CA6C5B9}.Release|Any CPU.Build.0 = Release|Any CPU
		{C4866562-89AA-42D7-9C34-E8FFA344E5CE}.Debug|Any CPU.ActiveCfg = Debug|Any CPU
		{C4866562-89AA-42D7-9C34-E8FFA344E5CE}.Debug|Any CPU.Build.0 = Debug|Any CPU
		{C4866562-89AA-42D7-9C34-E8FFA344E5CE}.Release|Any CPU.ActiveCfg = Release|Any CPU
		{C4866562-89AA-42D7-9C34-E8FFA344E5CE}.Release|Any CPU.Build.0 = Release|Any CPU
		{D7EB0863-5AC2-4292-895D-5BE00FB99CCB}.Debug|Any CPU.ActiveCfg = Debug|Any CPU
		{D7EB0863-5AC2-4292-895D-5BE00FB99CCB}.Debug|Any CPU.Build.0 = Debug|Any CPU
		{D7EB0863-5AC2-4292-895D-5BE00FB99CCB}.Release|Any CPU.ActiveCfg = Release|Any CPU
		{D7EB0863-5AC2-4292-895D-5BE00FB99CCB}.Release|Any CPU.Build.0 = Release|Any CPU
	EndGlobalSection
	GlobalSection(SolutionProperties) = preSolution
		HideSolutionNode = FALSE
	EndGlobalSection
EndGlobal
